
Microsoft Visual Studio Solution File, Format Version 12.00
# Visual Studio Version 16
VisualStudioVersion = 16.0.29509.3
MinimumVisualStudioVersion = 10.0.40219.1
Project("{FAE04EC0-301F-11D3-BF4B-00C04F79EFBC}") = "OpenTok.Android", "OpenTok\OpenTok.Android\OpenTok.Android.csproj", "{84A085FF-A0F1-4893-B2BB-E3E74D3FFFD3}"
EndProject
Project("{FAE04EC0-301F-11D3-BF4B-00C04F79EFBC}") = "OpenTok.iOS", "OpenTok\OpenTok.iOS\OpenTok.iOS.csproj", "{711C598B-4D58-4716-9147-F57548F70038}"
EndProject
Project("{9A19103F-16F7-4668-BE54-9A1E7A4F7556}") = "OpenTok", "OpenTok\OpenTok\OpenTok.csproj", "{BFD515A5-A7FA-4916-814E-05F85F210EA7}"
EndProject
Project("{FAE04EC0-301F-11D3-BF4B-00C04F79EFBC}") = "OpenTok.Console", "OpenTok.Console\OpenTok.Console.csproj", "{85FC37E5-872E-416D-9D9B-9565464834D4}"
EndProject
Project("{FAE04EC0-301F-11D3-BF4B-00C04F79EFBC}") = "OpenTok.DemoWeb", "OpenTok.DemoWeb\OpenTok.DemoWeb.csproj", "{C7D71566-5B4E-46D2-91F7-73800C8FA435}"
EndProject
Project("{2150E333-8FDC-42A3-9474-1A3956D46DE8}") = "Backend", "Backend", "{DF0CDD83-6D2A-4D51-BC56-AB358B510915}"
EndProject
Project("{2150E333-8FDC-42A3-9474-1A3956D46DE8}") = "Shared", "Shared", "{E80AA434-35C2-48AD-9527-3AF62D749D11}"
EndProject
Project("{2150E333-8FDC-42A3-9474-1A3956D46DE8}") = "Targets", "Targets", "{E54B0A25-D2AB-431E-9BAA-F188270187FA}"
EndProject
Project("{2150E333-8FDC-42A3-9474-1A3956D46DE8}") = "Lib", "Lib", "{6C2BB986-29A5-47EE-9E00-343E4F077505}"
EndProject
Project("{9A19103F-16F7-4668-BE54-9A1E7A4F7556}") = "Xamarin.Forms.OpenTok", "Lib\Xamarin.Forms.OpenTok\Xamarin.Forms.OpenTok.csproj", "{ABE2A05B-D746-4DF2-B6DE-D168989CA0D8}"
EndProject
Project("{FAE04EC0-301F-11D3-BF4B-00C04F79EFBC}") = "Xamarin.Forms.OpenTok.Android", "Lib\Xamarin.Forms.OpenTok.Android\Xamarin.Forms.OpenTok.Android.csproj", "{81B7D386-5D4D-42E7-9F60-93E6F1D1FA0C}"
EndProject
Project("{FAE04EC0-301F-11D3-BF4B-00C04F79EFBC}") = "Xamarin.Forms.OpenTok.iOS", "Lib\Xamarin.Forms.OpenTok.iOS\Xamarin.Forms.OpenTok.iOS.csproj", "{234F030A-8C31-46DF-89DF-39980BB834D6}"
EndProject
Global
	GlobalSection(SolutionConfigurationPlatforms) = preSolution
		Debug|Any CPU = Debug|Any CPU
		Debug|iPhone = Debug|iPhone
		Debug|iPhoneSimulator = Debug|iPhoneSimulator
		Release|Any CPU = Release|Any CPU
		Release|iPhone = Release|iPhone
		Release|iPhoneSimulator = Release|iPhoneSimulator
	EndGlobalSection
	GlobalSection(ProjectConfigurationPlatforms) = postSolution
		{84A085FF-A0F1-4893-B2BB-E3E74D3FFFD3}.Debug|Any CPU.ActiveCfg = Debug|Any CPU
		{84A085FF-A0F1-4893-B2BB-E3E74D3FFFD3}.Debug|Any CPU.Build.0 = Debug|Any CPU
		{84A085FF-A0F1-4893-B2BB-E3E74D3FFFD3}.Debug|Any CPU.Deploy.0 = Debug|Any CPU
		{84A085FF-A0F1-4893-B2BB-E3E74D3FFFD3}.Debug|iPhone.ActiveCfg = Debug|Any CPU
		{84A085FF-A0F1-4893-B2BB-E3E74D3FFFD3}.Debug|iPhone.Build.0 = Debug|Any CPU
		{84A085FF-A0F1-4893-B2BB-E3E74D3FFFD3}.Debug|iPhone.Deploy.0 = Debug|Any CPU
		{84A085FF-A0F1-4893-B2BB-E3E74D3FFFD3}.Debug|iPhoneSimulator.ActiveCfg = Debug|Any CPU
		{84A085FF-A0F1-4893-B2BB-E3E74D3FFFD3}.Debug|iPhoneSimulator.Build.0 = Debug|Any CPU
		{84A085FF-A0F1-4893-B2BB-E3E74D3FFFD3}.Debug|iPhoneSimulator.Deploy.0 = Debug|Any CPU
		{84A085FF-A0F1-4893-B2BB-E3E74D3FFFD3}.Release|Any CPU.ActiveCfg = Release|Any CPU
		{84A085FF-A0F1-4893-B2BB-E3E74D3FFFD3}.Release|Any CPU.Build.0 = Release|Any CPU
		{84A085FF-A0F1-4893-B2BB-E3E74D3FFFD3}.Release|Any CPU.Deploy.0 = Release|Any CPU
		{84A085FF-A0F1-4893-B2BB-E3E74D3FFFD3}.Release|iPhone.ActiveCfg = Release|Any CPU
		{84A085FF-A0F1-4893-B2BB-E3E74D3FFFD3}.Release|iPhone.Build.0 = Release|Any CPU
		{84A085FF-A0F1-4893-B2BB-E3E74D3FFFD3}.Release|iPhone.Deploy.0 = Release|Any CPU
		{84A085FF-A0F1-4893-B2BB-E3E74D3FFFD3}.Release|iPhoneSimulator.ActiveCfg = Release|Any CPU
		{84A085FF-A0F1-4893-B2BB-E3E74D3FFFD3}.Release|iPhoneSimulator.Build.0 = Release|Any CPU
		{84A085FF-A0F1-4893-B2BB-E3E74D3FFFD3}.Release|iPhoneSimulator.Deploy.0 = Release|Any CPU
		{711C598B-4D58-4716-9147-F57548F70038}.Debug|Any CPU.ActiveCfg = Debug|iPhoneSimulator
		{711C598B-4D58-4716-9147-F57548F70038}.Debug|Any CPU.Build.0 = Debug|iPhoneSimulator
		{711C598B-4D58-4716-9147-F57548F70038}.Debug|Any CPU.Deploy.0 = Debug|iPhoneSimulator
		{711C598B-4D58-4716-9147-F57548F70038}.Debug|iPhone.ActiveCfg = Debug|iPhone
		{711C598B-4D58-4716-9147-F57548F70038}.Debug|iPhone.Build.0 = Debug|iPhone
		{711C598B-4D58-4716-9147-F57548F70038}.Debug|iPhone.Deploy.0 = Debug|iPhone
		{711C598B-4D58-4716-9147-F57548F70038}.Debug|iPhoneSimulator.ActiveCfg = Debug|iPhoneSimulator
		{711C598B-4D58-4716-9147-F57548F70038}.Debug|iPhoneSimulator.Build.0 = Debug|iPhoneSimulator
		{711C598B-4D58-4716-9147-F57548F70038}.Debug|iPhoneSimulator.Deploy.0 = Debug|iPhoneSimulator
		{711C598B-4D58-4716-9147-F57548F70038}.Release|Any CPU.ActiveCfg = Release|iPhone
		{711C598B-4D58-4716-9147-F57548F70038}.Release|Any CPU.Build.0 = Release|iPhone
		{711C598B-4D58-4716-9147-F57548F70038}.Release|Any CPU.Deploy.0 = Release|iPhone
		{711C598B-4D58-4716-9147-F57548F70038}.Release|iPhone.ActiveCfg = Release|iPhone
		{711C598B-4D58-4716-9147-F57548F70038}.Release|iPhone.Build.0 = Release|iPhone
		{711C598B-4D58-4716-9147-F57548F70038}.Release|iPhone.Deploy.0 = Release|iPhone
		{711C598B-4D58-4716-9147-F57548F70038}.Release|iPhoneSimulator.ActiveCfg = Release|iPhoneSimulator
		{711C598B-4D58-4716-9147-F57548F70038}.Release|iPhoneSimulator.Build.0 = Release|iPhoneSimulator
		{711C598B-4D58-4716-9147-F57548F70038}.Release|iPhoneSimulator.Deploy.0 = Release|iPhoneSimulator
		{BFD515A5-A7FA-4916-814E-05F85F210EA7}.Debug|Any CPU.ActiveCfg = Debug|Any CPU
		{BFD515A5-A7FA-4916-814E-05F85F210EA7}.Debug|Any CPU.Build.0 = Debug|Any CPU
		{BFD515A5-A7FA-4916-814E-05F85F210EA7}.Debug|Any CPU.Deploy.0 = Debug|Any CPU
		{BFD515A5-A7FA-4916-814E-05F85F210EA7}.Debug|iPhone.ActiveCfg = Debug|Any CPU
		{BFD515A5-A7FA-4916-814E-05F85F210EA7}.Debug|iPhone.Build.0 = Debug|Any CPU
		{BFD515A5-A7FA-4916-814E-05F85F210EA7}.Debug|iPhone.Deploy.0 = Debug|Any CPU
		{BFD515A5-A7FA-4916-814E-05F85F210EA7}.Debug|iPhoneSimulator.ActiveCfg = Debug|Any CPU
		{BFD515A5-A7FA-4916-814E-05F85F210EA7}.Debug|iPhoneSimulator.Build.0 = Debug|Any CPU
		{BFD515A5-A7FA-4916-814E-05F85F210EA7}.Debug|iPhoneSimulator.Deploy.0 = Debug|Any CPU
		{BFD515A5-A7FA-4916-814E-05F85F210EA7}.Release|Any CPU.ActiveCfg = Release|Any CPU
		{BFD515A5-A7FA-4916-814E-05F85F210EA7}.Release|Any CPU.Build.0 = Release|Any CPU
		{BFD515A5-A7FA-4916-814E-05F85F210EA7}.Release|Any CPU.Deploy.0 = Release|Any CPU
		{BFD515A5-A7FA-4916-814E-05F85F210EA7}.Release|iPhone.ActiveCfg = Release|Any CPU
		{BFD515A5-A7FA-4916-814E-05F85F210EA7}.Release|iPhone.Build.0 = Release|Any CPU
		{BFD515A5-A7FA-4916-814E-05F85F210EA7}.Release|iPhone.Deploy.0 = Release|Any CPU
		{BFD515A5-A7FA-4916-814E-05F85F210EA7}.Release|iPhoneSimulator.ActiveCfg = Release|Any CPU
		{BFD515A5-A7FA-4916-814E-05F85F210EA7}.Release|iPhoneSimulator.Build.0 = Release|Any CPU
		{BFD515A5-A7FA-4916-814E-05F85F210EA7}.Release|iPhoneSimulator.Deploy.0 = Release|Any CPU
		{85FC37E5-872E-416D-9D9B-9565464834D4}.Debug|Any CPU.ActiveCfg = Debug|Any CPU
		{85FC37E5-872E-416D-9D9B-9565464834D4}.Debug|Any CPU.Build.0 = Debug|Any CPU
		{85FC37E5-872E-416D-9D9B-9565464834D4}.Debug|iPhone.ActiveCfg = Debug|Any CPU
		{85FC37E5-872E-416D-9D9B-9565464834D4}.Debug|iPhone.Build.0 = Debug|Any CPU
		{85FC37E5-872E-416D-9D9B-9565464834D4}.Debug|iPhoneSimulator.ActiveCfg = Debug|Any CPU
		{85FC37E5-872E-416D-9D9B-9565464834D4}.Debug|iPhoneSimulator.Build.0 = Debug|Any CPU
		{85FC37E5-872E-416D-9D9B-9565464834D4}.Release|Any CPU.ActiveCfg = Release|Any CPU
		{85FC37E5-872E-416D-9D9B-9565464834D4}.Release|Any CPU.Build.0 = Release|Any CPU
		{85FC37E5-872E-416D-9D9B-9565464834D4}.Release|iPhone.ActiveCfg = Release|Any CPU
		{85FC37E5-872E-416D-9D9B-9565464834D4}.Release|iPhone.Build.0 = Release|Any CPU
		{85FC37E5-872E-416D-9D9B-9565464834D4}.Release|iPhoneSimulator.ActiveCfg = Release|Any CPU
		{85FC37E5-872E-416D-9D9B-9565464834D4}.Release|iPhoneSimulator.Build.0 = Release|Any CPU
		{C7D71566-5B4E-46D2-91F7-73800C8FA435}.Debug|Any CPU.ActiveCfg = Debug|Any CPU
		{C7D71566-5B4E-46D2-91F7-73800C8FA435}.Debug|Any CPU.Build.0 = Debug|Any CPU
		{C7D71566-5B4E-46D2-91F7-73800C8FA435}.Debug|iPhone.ActiveCfg = Debug|Any CPU
		{C7D71566-5B4E-46D2-91F7-73800C8FA435}.Debug|iPhone.Build.0 = Debug|Any CPU
		{C7D71566-5B4E-46D2-91F7-73800C8FA435}.Debug|iPhoneSimulator.ActiveCfg = Debug|Any CPU
		{C7D71566-5B4E-46D2-91F7-73800C8FA435}.Debug|iPhoneSimulator.Build.0 = Debug|Any CPU
		{C7D71566-5B4E-46D2-91F7-73800C8FA435}.Release|Any CPU.ActiveCfg = Release|Any CPU
		{C7D71566-5B4E-46D2-91F7-73800C8FA435}.Release|Any CPU.Build.0 = Release|Any CPU
		{C7D71566-5B4E-46D2-91F7-73800C8FA435}.Release|iPhone.ActiveCfg = Release|Any CPU
		{C7D71566-5B4E-46D2-91F7-73800C8FA435}.Release|iPhone.Build.0 = Release|Any CPU
		{C7D71566-5B4E-46D2-91F7-73800C8FA435}.Release|iPhoneSimulator.ActiveCfg = Release|Any CPU
		{C7D71566-5B4E-46D2-91F7-73800C8FA435}.Release|iPhoneSimulator.Build.0 = Release|Any CPU
		{ABE2A05B-D746-4DF2-B6DE-D168989CA0D8}.Debug|Any CPU.ActiveCfg = Debug|Any CPU
		{ABE2A05B-D746-4DF2-B6DE-D168989CA0D8}.Debug|Any CPU.Build.0 = Debug|Any CPU
		{ABE2A05B-D746-4DF2-B6DE-D168989CA0D8}.Debug|iPhone.ActiveCfg = Debug|Any CPU
		{ABE2A05B-D746-4DF2-B6DE-D168989CA0D8}.Debug|iPhone.Build.0 = Debug|Any CPU
		{ABE2A05B-D746-4DF2-B6DE-D168989CA0D8}.Debug|iPhoneSimulator.ActiveCfg = Debug|Any CPU
		{ABE2A05B-D746-4DF2-B6DE-D168989CA0D8}.Debug|iPhoneSimulator.Build.0 = Debug|Any CPU
		{ABE2A05B-D746-4DF2-B6DE-D168989CA0D8}.Release|Any CPU.ActiveCfg = Release|Any CPU
		{ABE2A05B-D746-4DF2-B6DE-D168989CA0D8}.Release|Any CPU.Build.0 = Release|Any CPU
		{ABE2A05B-D746-4DF2-B6DE-D168989CA0D8}.Release|iPhone.ActiveCfg = Release|Any CPU
		{ABE2A05B-D746-4DF2-B6DE-D168989CA0D8}.Release|iPhone.Build.0 = Release|Any CPU
		{ABE2A05B-D746-4DF2-B6DE-D168989CA0D8}.Release|iPhoneSimulator.ActiveCfg = Release|Any CPU
		{ABE2A05B-D746-4DF2-B6DE-D168989CA0D8}.Release|iPhoneSimulator.Build.0 = Release|Any CPU
		{81B7D386-5D4D-42E7-9F60-93E6F1D1FA0C}.Debug|Any CPU.ActiveCfg = Debug|Any CPU
		{81B7D386-5D4D-42E7-9F60-93E6F1D1FA0C}.Debug|Any CPU.Build.0 = Debug|Any CPU
		{81B7D386-5D4D-42E7-9F60-93E6F1D1FA0C}.Debug|iPhone.ActiveCfg = Debug|Any CPU
		{81B7D386-5D4D-42E7-9F60-93E6F1D1FA0C}.Debug|iPhone.Build.0 = Debug|Any CPU
		{81B7D386-5D4D-42E7-9F60-93E6F1D1FA0C}.Debug|iPhoneSimulator.ActiveCfg = Debug|Any CPU
		{81B7D386-5D4D-42E7-9F60-93E6F1D1FA0C}.Debug|iPhoneSimulator.Build.0 = Debug|Any CPU
		{81B7D386-5D4D-42E7-9F60-93E6F1D1FA0C}.Release|Any CPU.ActiveCfg = Release|Any CPU
		{81B7D386-5D4D-42E7-9F60-93E6F1D1FA0C}.Release|Any CPU.Build.0 = Release|Any CPU
		{81B7D386-5D4D-42E7-9F60-93E6F1D1FA0C}.Release|iPhone.ActiveCfg = Release|Any CPU
		{81B7D386-5D4D-42E7-9F60-93E6F1D1FA0C}.Release|iPhone.Build.0 = Release|Any CPU
		{81B7D386-5D4D-42E7-9F60-93E6F1D1FA0C}.Release|iPhoneSimulator.ActiveCfg = Release|Any CPU
		{81B7D386-5D4D-42E7-9F60-93E6F1D1FA0C}.Release|iPhoneSimulator.Build.0 = Release|Any CPU
		{234F030A-8C31-46DF-89DF-39980BB834D6}.Debug|Any CPU.ActiveCfg = Debug|Any CPU
		{234F030A-8C31-46DF-89DF-39980BB834D6}.Debug|Any CPU.Build.0 = Debug|Any CPU
		{234F030A-8C31-46DF-89DF-39980BB834D6}.Debug|iPhone.ActiveCfg = Debug|Any CPU
		{234F030A-8C31-46DF-89DF-39980BB834D6}.Debug|iPhone.Build.0 = Debug|Any CPU
		{234F030A-8C31-46DF-89DF-39980BB834D6}.Debug|iPhoneSimulator.ActiveCfg = Debug|Any CPU
		{234F030A-8C31-46DF-89DF-39980BB834D6}.Debug|iPhoneSimulator.Build.0 = Debug|Any CPU
		{234F030A-8C31-46DF-89DF-39980BB834D6}.Release|Any CPU.ActiveCfg = Release|Any CPU
		{234F030A-8C31-46DF-89DF-39980BB834D6}.Release|Any CPU.Build.0 = Release|Any CPU
		{234F030A-8C31-46DF-89DF-39980BB834D6}.Release|iPhone.ActiveCfg = Release|Any CPU
		{234F030A-8C31-46DF-89DF-39980BB834D6}.Release|iPhone.Build.0 = Release|Any CPU
		{234F030A-8C31-46DF-89DF-39980BB834D6}.Release|iPhoneSimulator.ActiveCfg = Release|Any CPU
		{234F030A-8C31-46DF-89DF-39980BB834D6}.Release|iPhoneSimulator.Build.0 = Release|Any CPU
	EndGlobalSection
	GlobalSection(SolutionProperties) = preSolution
		HideSolutionNode = FALSE
	EndGlobalSection
	GlobalSection(NestedProjects) = preSolution
		{84A085FF-A0F1-4893-B2BB-E3E74D3FFFD3} = {E54B0A25-D2AB-431E-9BAA-F188270187FA}
		{711C598B-4D58-4716-9147-F57548F70038} = {E54B0A25-D2AB-431E-9BAA-F188270187FA}
		{BFD515A5-A7FA-4916-814E-05F85F210EA7} = {E80AA434-35C2-48AD-9527-3AF62D749D11}
		{85FC37E5-872E-416D-9D9B-9565464834D4} = {DF0CDD83-6D2A-4D51-BC56-AB358B510915}
		{C7D71566-5B4E-46D2-91F7-73800C8FA435} = {DF0CDD83-6D2A-4D51-BC56-AB358B510915}
		{ABE2A05B-D746-4DF2-B6DE-D168989CA0D8} = {6C2BB986-29A5-47EE-9E00-343E4F077505}
		{81B7D386-5D4D-42E7-9F60-93E6F1D1FA0C} = {6C2BB986-29A5-47EE-9E00-343E4F077505}
		{234F030A-8C31-46DF-89DF-39980BB834D6} = {6C2BB986-29A5-47EE-9E00-343E4F077505}
	EndGlobalSection
	GlobalSection(ExtensibilityGlobals) = postSolution
		SolutionGuid = {EC59EFFA-01A4-4C3B-89EE-950548991D95}
	EndGlobalSection
EndGlobal
